
Microsoft Visual Studio Solution File, Format Version 12.00
# Visual Studio Version 16
VisualStudioVersion = 16.0.31605.320
MinimumVisualStudioVersion = 10.0.40219.1
Project("{9A19103F-16F7-4668-BE54-9A1E7A4F7556}") = "COT.API", "COT.API\COT.API.csproj", "{90F06252-4D2C-468A-89D2-F6D02717FD05}"
EndProject
Project("{9A19103F-16F7-4668-BE54-9A1E7A4F7556}") = "COT.UnitTest", "COT.UnitTest\COT.UnitTest.csproj", "{A20DAE52-443D-4F3F-8307-629A699A2438}"
EndProject
Global
	GlobalSection(SolutionConfigurationPlatforms) = preSolution
		Debug|Any CPU = Debug|Any CPU
		Release|Any CPU = Release|Any CPU
	EndGlobalSection
	GlobalSection(ProjectConfigurationPlatforms) = postSolution
		{90F06252-4D2C-468A-89D2-F6D02717FD05}.Debug|Any CPU.ActiveCfg = Debug|Any CPU
		{90F06252-4D2C-468A-89D2-F6D02717FD05}.Debug|Any CPU.Build.0 = Debug|Any CPU
		{90F06252-4D2C-468A-89D2-F6D02717FD05}.Release|Any CPU.ActiveCfg = Release|Any CPU
		{90F06252-4D2C-468A-89D2-F6D02717FD05}.Release|Any CPU.Build.0 = Release|Any CPU
		{A20DAE52-443D-4F3F-8307-629A699A2438}.Debug|Any CPU.ActiveCfg = Debug|Any CPU
		{A20DAE52-443D-4F3F-8307-629A699A2438}.Debug|Any CPU.Build.0 = Debug|Any CPU
		{A20DAE52-443D-4F3F-8307-629A699A2438}.Release|Any CPU.ActiveCfg = Release|Any CPU
		{A20DAE52-443D-4F3F-8307-629A699A2438}.Release|Any CPU.Build.0 = Release|Any CPU
	EndGlobalSection
	GlobalSection(SolutionProperties) = preSolution
		HideSolutionNode = FALSE
	EndGlobalSection
	GlobalSection(ExtensibilityGlobals) = postSolution
		SolutionGuid = {044DC03D-F27A-4193-B94D-F6958A8AFD93}
	EndGlobalSection
EndGlobal
